
Microsoft Visual Studio Solution File, Format Version 12.00
# Visual Studio Version 16
VisualStudioVersion = 16.0.28922.388
MinimumVisualStudioVersion = 15.0.26124.0
Project("{9A19103F-16F7-4668-BE54-9A1E7A4F7556}") = "Youtube2Mp3.Core", "Youtube2Mp3.Core\Youtube2Mp3.Core.csproj", "{A8533D71-C221-4653-B80B-304BEC2949E7}"
EndProject
Project("{9A19103F-16F7-4668-BE54-9A1E7A4F7556}") = "Youtube2Mp3.Spotify", "Youtube2Mp3.Spotify\Youtube2Mp3.Spotify.csproj", "{8A7A693B-0C6D-46A2-9075-F1217941A621}"
EndProject
Project("{9A19103F-16F7-4668-BE54-9A1E7A4F7556}") = "Youtube2Mp3.ConsoleUi", "Youtube2Mp3.ConsoleUi\Youtube2Mp3.ConsoleUi.csproj", "{94B50C7D-AABD-4541-9538-B4B20B93FAD1}"
EndProject
Project("{9A19103F-16F7-4668-BE54-9A1E7A4F7556}") = "Youtube2Mp3.IOC", "Youtube2Mp3.IOC\Youtube2Mp3.IOC.csproj", "{7F6170FA-EBFB-47B4-B7C4-35A8B9202044}"
EndProject
Project("{9A19103F-16F7-4668-BE54-9A1E7A4F7556}") = "Youtube2Mp3.Tests", "Youtube2Mp3.Tests\Youtube2Mp3.Tests.csproj", "{8AEFFD59-D11D-45A2-92DD-F9BB1BF5AC3D}"
EndProject
Project("{9A19103F-16F7-4668-BE54-9A1E7A4F7556}") = "Youtube2Mp3.Youtube", "Youtube2Mp3.Youtube\Youtube2Mp3.Youtube.csproj", "{DC7B0221-F8F5-41AA-A7DF-A03B2CD9362E}"
EndProject
Project("{FAE04EC0-301F-11D3-BF4B-00C04F79EFBC}") = "Youtube2Mp3.Xamarin.Android", "Youtube2Mp3.Xamarin\Youtube2Mp3.Xamarin.Android\Youtube2Mp3.Xamarin.Android.csproj", "{E8E99B5E-A07C-484B-8619-4BBEDCCADFD9}"
EndProject
Project("{FAE04EC0-301F-11D3-BF4B-00C04F79EFBC}") = "Youtube2Mp3.Xamarin.iOS", "Youtube2Mp3.Xamarin\Youtube2Mp3.Xamarin.iOS\Youtube2Mp3.Xamarin.iOS.csproj", "{AF02C88B-A53D-47F3-AB90-43EE041AD7CE}"
EndProject
Project("{FAE04EC0-301F-11D3-BF4B-00C04F79EFBC}") = "Youtube2Mp3.Xamarin", "Youtube2Mp3.Xamarin\Youtube2Mp3.Xamarin\Youtube2Mp3.Xamarin.csproj", "{7ABE6A79-D5AD-4F21-9E90-656C4220ACA6}"
EndProject
Global
	GlobalSection(SolutionConfigurationPlatforms) = preSolution
		Debug|Any CPU = Debug|Any CPU
		Debug|iPhone = Debug|iPhone
		Debug|iPhoneSimulator = Debug|iPhoneSimulator
		Debug|x64 = Debug|x64
		Debug|x86 = Debug|x86
		Release|Any CPU = Release|Any CPU
		Release|iPhone = Release|iPhone
		Release|iPhoneSimulator = Release|iPhoneSimulator
		Release|x64 = Release|x64
		Release|x86 = Release|x86
	EndGlobalSection
	GlobalSection(ProjectConfigurationPlatforms) = postSolution
		{A8533D71-C221-4653-B80B-304BEC2949E7}.Debug|Any CPU.ActiveCfg = Debug|Any CPU
		{A8533D71-C221-4653-B80B-304BEC2949E7}.Debug|Any CPU.Build.0 = Debug|Any CPU
		{A8533D71-C221-4653-B80B-304BEC2949E7}.Debug|iPhone.ActiveCfg = Debug|Any CPU
		{A8533D71-C221-4653-B80B-304BEC2949E7}.Debug|iPhone.Build.0 = Debug|Any CPU
		{A8533D71-C221-4653-B80B-304BEC2949E7}.Debug|iPhoneSimulator.ActiveCfg = Debug|Any CPU
		{A8533D71-C221-4653-B80B-304BEC2949E7}.Debug|iPhoneSimulator.Build.0 = Debug|Any CPU
		{A8533D71-C221-4653-B80B-304BEC2949E7}.Debug|x64.ActiveCfg = Debug|Any CPU
		{A8533D71-C221-4653-B80B-304BEC2949E7}.Debug|x64.Build.0 = Debug|Any CPU
		{A8533D71-C221-4653-B80B-304BEC2949E7}.Debug|x86.ActiveCfg = Debug|Any CPU
		{A8533D71-C221-4653-B80B-304BEC2949E7}.Debug|x86.Build.0 = Debug|Any CPU
		{A8533D71-C221-4653-B80B-304BEC2949E7}.Release|Any CPU.ActiveCfg = Release|Any CPU
		{A8533D71-C221-4653-B80B-304BEC2949E7}.Release|Any CPU.Build.0 = Release|Any CPU
		{A8533D71-C221-4653-B80B-304BEC2949E7}.Release|iPhone.ActiveCfg = Release|Any CPU
		{A8533D71-C221-4653-B80B-304BEC2949E7}.Release|iPhone.Build.0 = Release|Any CPU
		{A8533D71-C221-4653-B80B-304BEC2949E7}.Release|iPhoneSimulator.ActiveCfg = Release|Any CPU
		{A8533D71-C221-4653-B80B-304BEC2949E7}.Release|iPhoneSimulator.Build.0 = Release|Any CPU
		{A8533D71-C221-4653-B80B-304BEC2949E7}.Release|x64.ActiveCfg = Release|Any CPU
		{A8533D71-C221-4653-B80B-304BEC2949E7}.Release|x64.Build.0 = Release|Any CPU
		{A8533D71-C221-4653-B80B-304BEC2949E7}.Release|x86.ActiveCfg = Release|Any CPU
		{A8533D71-C221-4653-B80B-304BEC2949E7}.Release|x86.Build.0 = Release|Any CPU
		{8A7A693B-0C6D-46A2-9075-F1217941A621}.Debug|Any CPU.ActiveCfg = Debug|Any CPU
		{8A7A693B-0C6D-46A2-9075-F1217941A621}.Debug|Any CPU.Build.0 = Debug|Any CPU
		{8A7A693B-0C6D-46A2-9075-F1217941A621}.Debug|iPhone.ActiveCfg = Debug|Any CPU
		{8A7A693B-0C6D-46A2-9075-F1217941A621}.Debug|iPhone.Build.0 = Debug|Any CPU
		{8A7A693B-0C6D-46A2-9075-F1217941A621}.Debug|iPhoneSimulator.ActiveCfg = Debug|Any CPU
		{8A7A693B-0C6D-46A2-9075-F1217941A621}.Debug|iPhoneSimulator.Build.0 = Debug|Any CPU
		{8A7A693B-0C6D-46A2-9075-F1217941A621}.Debug|x64.ActiveCfg = Debug|Any CPU
		{8A7A693B-0C6D-46A2-9075-F1217941A621}.Debug|x64.Build.0 = Debug|Any CPU
		{8A7A693B-0C6D-46A2-9075-F1217941A621}.Debug|x86.ActiveCfg = Debug|Any CPU
		{8A7A693B-0C6D-46A2-9075-F1217941A621}.Debug|x86.Build.0 = Debug|Any CPU
		{8A7A693B-0C6D-46A2-9075-F1217941A621}.Release|Any CPU.ActiveCfg = Release|Any CPU
		{8A7A693B-0C6D-46A2-9075-F1217941A621}.Release|Any CPU.Build.0 = Release|Any CPU
		{8A7A693B-0C6D-46A2-9075-F1217941A621}.Release|iPhone.ActiveCfg = Release|Any CPU
		{8A7A693B-0C6D-46A2-9075-F1217941A621}.Release|iPhone.Build.0 = Release|Any CPU
		{8A7A693B-0C6D-46A2-9075-F1217941A621}.Release|iPhoneSimulator.ActiveCfg = Release|Any CPU
		{8A7A693B-0C6D-46A2-9075-F1217941A621}.Release|iPhoneSimulator.Build.0 = Release|Any CPU
		{8A7A693B-0C6D-46A2-9075-F1217941A621}.Release|x64.ActiveCfg = Release|Any CPU
		{8A7A693B-0C6D-46A2-9075-F1217941A621}.Release|x64.Build.0 = Release|Any CPU
		{8A7A693B-0C6D-46A2-9075-F1217941A621}.Release|x86.ActiveCfg = Release|Any CPU
		{8A7A693B-0C6D-46A2-9075-F1217941A621}.Release|x86.Build.0 = Release|Any CPU
		{94B50C7D-AABD-4541-9538-B4B20B93FAD1}.Debug|Any CPU.ActiveCfg = Debug|Any CPU
		{94B50C7D-AABD-4541-9538-B4B20B93FAD1}.Debug|Any CPU.Build.0 = Debug|Any CPU
		{94B50C7D-AABD-4541-9538-B4B20B93FAD1}.Debug|iPhone.ActiveCfg = Debug|Any CPU
		{94B50C7D-AABD-4541-9538-B4B20B93FAD1}.Debug|iPhone.Build.0 = Debug|Any CPU
		{94B50C7D-AABD-4541-9538-B4B20B93FAD1}.Debug|iPhoneSimulator.ActiveCfg = Debug|Any CPU
		{94B50C7D-AABD-4541-9538-B4B20B93FAD1}.Debug|iPhoneSimulator.Build.0 = Debug|Any CPU
		{94B50C7D-AABD-4541-9538-B4B20B93FAD1}.Debug|x64.ActiveCfg = Debug|Any CPU
		{94B50C7D-AABD-4541-9538-B4B20B93FAD1}.Debug|x64.Build.0 = Debug|Any CPU
		{94B50C7D-AABD-4541-9538-B4B20B93FAD1}.Debug|x86.ActiveCfg = Debug|Any CPU
		{94B50C7D-AABD-4541-9538-B4B20B93FAD1}.Debug|x86.Build.0 = Debug|Any CPU
		{94B50C7D-AABD-4541-9538-B4B20B93FAD1}.Release|Any CPU.ActiveCfg = Release|Any CPU
		{94B50C7D-AABD-4541-9538-B4B20B93FAD1}.Release|Any CPU.Build.0 = Release|Any CPU
		{94B50C7D-AABD-4541-9538-B4B20B93FAD1}.Release|iPhone.ActiveCfg = Release|Any CPU
		{94B50C7D-AABD-4541-9538-B4B20B93FAD1}.Release|iPhone.Build.0 = Release|Any CPU
		{94B50C7D-AABD-4541-9538-B4B20B93FAD1}.Release|iPhoneSimulator.ActiveCfg = Release|Any CPU
		{94B50C7D-AABD-4541-9538-B4B20B93FAD1}.Release|iPhoneSimulator.Build.0 = Release|Any CPU
		{94B50C7D-AABD-4541-9538-B4B20B93FAD1}.Release|x64.ActiveCfg = Release|Any CPU
		{94B50C7D-AABD-4541-9538-B4B20B93FAD1}.Release|x64.Build.0 = Release|Any CPU
		{94B50C7D-AABD-4541-9538-B4B20B93FAD1}.Release|x86.ActiveCfg = Release|Any CPU
		{94B50C7D-AABD-4541-9538-B4B20B93FAD1}.Release|x86.Build.0 = Release|Any CPU
		{7F6170FA-EBFB-47B4-B7C4-35A8B9202044}.Debug|Any CPU.ActiveCfg = Debug|Any CPU
		{7F6170FA-EBFB-47B4-B7C4-35A8B9202044}.Debug|Any CPU.Build.0 = Debug|Any CPU
		{7F6170FA-EBFB-47B4-B7C4-35A8B9202044}.Debug|iPhone.ActiveCfg = Debug|Any CPU
		{7F6170FA-EBFB-47B4-B7C4-35A8B9202044}.Debug|iPhone.Build.0 = Debug|Any CPU
		{7F6170FA-EBFB-47B4-B7C4-35A8B9202044}.Debug|iPhoneSimulator.ActiveCfg = Debug|Any CPU
		{7F6170FA-EBFB-47B4-B7C4-35A8B9202044}.Debug|iPhoneSimulator.Build.0 = Debug|Any CPU
		{7F6170FA-EBFB-47B4-B7C4-35A8B9202044}.Debug|x64.ActiveCfg = Debug|Any CPU
		{7F6170FA-EBFB-47B4-B7C4-35A8B9202044}.Debug|x64.Build.0 = Debug|Any CPU
		{7F6170FA-EBFB-47B4-B7C4-35A8B9202044}.Debug|x86.ActiveCfg = Debug|Any CPU
		{7F6170FA-EBFB-47B4-B7C4-35A8B9202044}.Debug|x86.Build.0 = Debug|Any CPU
		{7F6170FA-EBFB-47B4-B7C4-35A8B9202044}.Release|Any CPU.ActiveCfg = Release|Any CPU
		{7F6170FA-EBFB-47B4-B7C4-35A8B9202044}.Release|Any CPU.Build.0 = Release|Any CPU
		{7F6170FA-EBFB-47B4-B7C4-35A8B9202044}.Release|iPhone.ActiveCfg = Release|Any CPU
		{7F6170FA-EBFB-47B4-B7C4-35A8B9202044}.Release|iPhone.Build.0 = Release|Any CPU
		{7F6170FA-EBFB-47B4-B7C4-35A8B9202044}.Release|iPhoneSimulator.ActiveCfg = Release|Any CPU
		{7F6170FA-EBFB-47B4-B7C4-35A8B9202044}.Release|iPhoneSimulator.Build.0 = Release|Any CPU
		{7F6170FA-EBFB-47B4-B7C4-35A8B9202044}.Release|x64.ActiveCfg = Release|Any CPU
		{7F6170FA-EBFB-47B4-B7C4-35A8B9202044}.Release|x64.Build.0 = Release|Any CPU
		{7F6170FA-EBFB-47B4-B7C4-35A8B9202044}.Release|x86.ActiveCfg = Release|Any CPU
		{7F6170FA-EBFB-47B4-B7C4-35A8B9202044}.Release|x86.Build.0 = Release|Any CPU
		{8AEFFD59-D11D-45A2-92DD-F9BB1BF5AC3D}.Debug|Any CPU.ActiveCfg = Debug|Any CPU
		{8AEFFD59-D11D-45A2-92DD-F9BB1BF5AC3D}.Debug|Any CPU.Build.0 = Debug|Any CPU
		{8AEFFD59-D11D-45A2-92DD-F9BB1BF5AC3D}.Debug|iPhone.ActiveCfg = Debug|Any CPU
		{8AEFFD59-D11D-45A2-92DD-F9BB1BF5AC3D}.Debug|iPhone.Build.0 = Debug|Any CPU
		{8AEFFD59-D11D-45A2-92DD-F9BB1BF5AC3D}.Debug|iPhoneSimulator.ActiveCfg = Debug|Any CPU
		{8AEFFD59-D11D-45A2-92DD-F9BB1BF5AC3D}.Debug|iPhoneSimulator.Build.0 = Debug|Any CPU
		{8AEFFD59-D11D-45A2-92DD-F9BB1BF5AC3D}.Debug|x64.ActiveCfg = Debug|Any CPU
		{8AEFFD59-D11D-45A2-92DD-F9BB1BF5AC3D}.Debug|x64.Build.0 = Debug|Any CPU
		{8AEFFD59-D11D-45A2-92DD-F9BB1BF5AC3D}.Debug|x86.ActiveCfg = Debug|Any CPU
		{8AEFFD59-D11D-45A2-92DD-F9BB1BF5AC3D}.Debug|x86.Build.0 = Debug|Any CPU
		{8AEFFD59-D11D-45A2-92DD-F9BB1BF5AC3D}.Release|Any CPU.ActiveCfg = Release|Any CPU
		{8AEFFD59-D11D-45A2-92DD-F9BB1BF5AC3D}.Release|Any CPU.Build.0 = Release|Any CPU
		{8AEFFD59-D11D-45A2-92DD-F9BB1BF5AC3D}.Release|iPhone.ActiveCfg = Release|Any CPU
		{8AEFFD59-D11D-45A2-92DD-F9BB1BF5AC3D}.Release|iPhone.Build.0 = Release|Any CPU
		{8AEFFD59-D11D-45A2-92DD-F9BB1BF5AC3D}.Release|iPhoneSimulator.ActiveCfg = Release|Any CPU
		{8AEFFD59-D11D-45A2-92DD-F9BB1BF5AC3D}.Release|iPhoneSimulator.Build.0 = Release|Any CPU
		{8AEFFD59-D11D-45A2-92DD-F9BB1BF5AC3D}.Release|x64.ActiveCfg = Release|Any CPU
		{8AEFFD59-D11D-45A2-92DD-F9BB1BF5AC3D}.Release|x64.Build.0 = Release|Any CPU
		{8AEFFD59-D11D-45A2-92DD-F9BB1BF5AC3D}.Release|x86.ActiveCfg = Release|Any CPU
		{8AEFFD59-D11D-45A2-92DD-F9BB1BF5AC3D}.Release|x86.Build.0 = Release|Any CPU
		{DC7B0221-F8F5-41AA-A7DF-A03B2CD9362E}.Debug|Any CPU.ActiveCfg = Debug|Any CPU
		{DC7B0221-F8F5-41AA-A7DF-A03B2CD9362E}.Debug|Any CPU.Build.0 = Debug|Any CPU
		{DC7B0221-F8F5-41AA-A7DF-A03B2CD9362E}.Debug|iPhone.ActiveCfg = Debug|Any CPU
		{DC7B0221-F8F5-41AA-A7DF-A03B2CD9362E}.Debug|iPhone.Build.0 = Debug|Any CPU
		{DC7B0221-F8F5-41AA-A7DF-A03B2CD9362E}.Debug|iPhoneSimulator.ActiveCfg = Debug|Any CPU
		{DC7B0221-F8F5-41AA-A7DF-A03B2CD9362E}.Debug|iPhoneSimulator.Build.0 = Debug|Any CPU
		{DC7B0221-F8F5-41AA-A7DF-A03B2CD9362E}.Debug|x64.ActiveCfg = Debug|Any CPU
		{DC7B0221-F8F5-41AA-A7DF-A03B2CD9362E}.Debug|x64.Build.0 = Debug|Any CPU
		{DC7B0221-F8F5-41AA-A7DF-A03B2CD9362E}.Debug|x86.ActiveCfg = Debug|Any CPU
		{DC7B0221-F8F5-41AA-A7DF-A03B2CD9362E}.Debug|x86.Build.0 = Debug|Any CPU
		{DC7B0221-F8F5-41AA-A7DF-A03B2CD9362E}.Release|Any CPU.ActiveCfg = Release|Any CPU
		{DC7B0221-F8F5-41AA-A7DF-A03B2CD9362E}.Release|Any CPU.Build.0 = Release|Any CPU
		{DC7B0221-F8F5-41AA-A7DF-A03B2CD9362E}.Release|iPhone.ActiveCfg = Release|Any CPU
		{DC7B0221-F8F5-41AA-A7DF-A03B2CD9362E}.Release|iPhone.Build.0 = Release|Any CPU
		{DC7B0221-F8F5-41AA-A7DF-A03B2CD9362E}.Release|iPhoneSimulator.ActiveCfg = Release|Any CPU
		{DC7B0221-F8F5-41AA-A7DF-A03B2CD9362E}.Release|iPhoneSimulator.Build.0 = Release|Any CPU
		{DC7B0221-F8F5-41AA-A7DF-A03B2CD9362E}.Release|x64.ActiveCfg = Release|Any CPU
		{DC7B0221-F8F5-41AA-A7DF-A03B2CD9362E}.Release|x64.Build.0 = Release|Any CPU
		{DC7B0221-F8F5-41AA-A7DF-A03B2CD9362E}.Release|x86.ActiveCfg = Release|Any CPU
		{DC7B0221-F8F5-41AA-A7DF-A03B2CD9362E}.Release|x86.Build.0 = Release|Any CPU
		{E8E99B5E-A07C-484B-8619-4BBEDCCADFD9}.Debug|Any CPU.ActiveCfg = Debug|Any CPU
		{E8E99B5E-A07C-484B-8619-4BBEDCCADFD9}.Debug|Any CPU.Build.0 = Debug|Any CPU
		{E8E99B5E-A07C-484B-8619-4BBEDCCADFD9}.Debug|Any CPU.Deploy.0 = Debug|Any CPU
		{E8E99B5E-A07C-484B-8619-4BBEDCCADFD9}.Debug|iPhone.ActiveCfg = Debug|Any CPU
		{E8E99B5E-A07C-484B-8619-4BBEDCCADFD9}.Debug|iPhone.Build.0 = Debug|Any CPU
		{E8E99B5E-A07C-484B-8619-4BBEDCCADFD9}.Debug|iPhone.Deploy.0 = Debug|Any CPU
		{E8E99B5E-A07C-484B-8619-4BBEDCCADFD9}.Debug|iPhoneSimulator.ActiveCfg = Debug|Any CPU
		{E8E99B5E-A07C-484B-8619-4BBEDCCADFD9}.Debug|iPhoneSimulator.Build.0 = Debug|Any CPU
		{E8E99B5E-A07C-484B-8619-4BBEDCCADFD9}.Debug|iPhoneSimulator.Deploy.0 = Debug|Any CPU
		{E8E99B5E-A07C-484B-8619-4BBEDCCADFD9}.Debug|x64.ActiveCfg = Debug|Any CPU
		{E8E99B5E-A07C-484B-8619-4BBEDCCADFD9}.Debug|x64.Build.0 = Debug|Any CPU
		{E8E99B5E-A07C-484B-8619-4BBEDCCADFD9}.Debug|x64.Deploy.0 = Debug|Any CPU
		{E8E99B5E-A07C-484B-8619-4BBEDCCADFD9}.Debug|x86.ActiveCfg = Debug|Any CPU
		{E8E99B5E-A07C-484B-8619-4BBEDCCADFD9}.Debug|x86.Build.0 = Debug|Any CPU
		{E8E99B5E-A07C-484B-8619-4BBEDCCADFD9}.Debug|x86.Deploy.0 = Debug|Any CPU
		{E8E99B5E-A07C-484B-8619-4BBEDCCADFD9}.Release|Any CPU.ActiveCfg = Release|Any CPU
		{E8E99B5E-A07C-484B-8619-4BBEDCCADFD9}.Release|Any CPU.Build.0 = Release|Any CPU
		{E8E99B5E-A07C-484B-8619-4BBEDCCADFD9}.Release|Any CPU.Deploy.0 = Release|Any CPU
		{E8E99B5E-A07C-484B-8619-4BBEDCCADFD9}.Release|iPhone.ActiveCfg = Release|Any CPU
		{E8E99B5E-A07C-484B-8619-4BBEDCCADFD9}.Release|iPhone.Build.0 = Release|Any CPU
		{E8E99B5E-A07C-484B-8619-4BBEDCCADFD9}.Release|iPhone.Deploy.0 = Release|Any CPU
		{E8E99B5E-A07C-484B-8619-4BBEDCCADFD9}.Release|iPhoneSimulator.ActiveCfg = Release|Any CPU
		{E8E99B5E-A07C-484B-8619-4BBEDCCADFD9}.Release|iPhoneSimulator.Build.0 = Release|Any CPU
		{E8E99B5E-A07C-484B-8619-4BBEDCCADFD9}.Release|iPhoneSimulator.Deploy.0 = Release|Any CPU
		{E8E99B5E-A07C-484B-8619-4BBEDCCADFD9}.Release|x64.ActiveCfg = Release|Any CPU
		{E8E99B5E-A07C-484B-8619-4BBEDCCADFD9}.Release|x64.Build.0 = Release|Any CPU
		{E8E99B5E-A07C-484B-8619-4BBEDCCADFD9}.Release|x64.Deploy.0 = Release|Any CPU
		{E8E99B5E-A07C-484B-8619-4BBEDCCADFD9}.Release|x86.ActiveCfg = Release|Any CPU
		{E8E99B5E-A07C-484B-8619-4BBEDCCADFD9}.Release|x86.Build.0 = Release|Any CPU
		{E8E99B5E-A07C-484B-8619-4BBEDCCADFD9}.Release|x86.Deploy.0 = Release|Any CPU
		{AF02C88B-A53D-47F3-AB90-43EE041AD7CE}.Debug|Any CPU.ActiveCfg = Debug|iPhone
		{AF02C88B-A53D-47F3-AB90-43EE041AD7CE}.Debug|iPhone.ActiveCfg = Debug|iPhone
		{AF02C88B-A53D-47F3-AB90-43EE041AD7CE}.Debug|iPhone.Build.0 = Debug|iPhone
		{AF02C88B-A53D-47F3-AB90-43EE041AD7CE}.Debug|iPhoneSimulator.ActiveCfg = Debug|iPhoneSimulator
		{AF02C88B-A53D-47F3-AB90-43EE041AD7CE}.Debug|iPhoneSimulator.Build.0 = Debug|iPhoneSimulator
		{AF02C88B-A53D-47F3-AB90-43EE041AD7CE}.Debug|x64.ActiveCfg = Debug|iPhone
		{AF02C88B-A53D-47F3-AB90-43EE041AD7CE}.Debug|x86.ActiveCfg = Debug|iPhone
		{AF02C88B-A53D-47F3-AB90-43EE041AD7CE}.Release|Any CPU.ActiveCfg = Release|iPhone
		{AF02C88B-A53D-47F3-AB90-43EE041AD7CE}.Release|iPhone.ActiveCfg = Release|iPhone
		{AF02C88B-A53D-47F3-AB90-43EE041AD7CE}.Release|iPhone.Build.0 = Release|iPhone
		{AF02C88B-A53D-47F3-AB90-43EE041AD7CE}.Release|iPhoneSimulator.ActiveCfg = Release|iPhoneSimulator
		{AF02C88B-A53D-47F3-AB90-43EE041AD7CE}.Release|iPhoneSimulator.Build.0 = Release|iPhoneSimulator
		{AF02C88B-A53D-47F3-AB90-43EE041AD7CE}.Release|x64.ActiveCfg = Release|iPhone
		{AF02C88B-A53D-47F3-AB90-43EE041AD7CE}.Release|x86.ActiveCfg = Release|iPhone
		{7ABE6A79-D5AD-4F21-9E90-656C4220ACA6}.Debug|Any CPU.ActiveCfg = Debug|Any CPU
		{7ABE6A79-D5AD-4F21-9E90-656C4220ACA6}.Debug|Any CPU.Build.0 = Debug|Any CPU
		{7ABE6A79-D5AD-4F21-9E90-656C4220ACA6}.Debug|iPhone.ActiveCfg = Debug|Any CPU
		{7ABE6A79-D5AD-4F21-9E90-656C4220ACA6}.Debug|iPhone.Build.0 = Debug|Any CPU
		{7ABE6A79-D5AD-4F21-9E90-656C4220ACA6}.Debug|iPhoneSimulator.ActiveCfg = Debug|Any CPU
		{7ABE6A79-D5AD-4F21-9E90-656C4220ACA6}.Debug|iPhoneSimulator.Build.0 = Debug|Any CPU
		{7ABE6A79-D5AD-4F21-9E90-656C4220ACA6}.Debug|x64.ActiveCfg = Debug|Any CPU
		{7ABE6A79-D5AD-4F21-9E90-656C4220ACA6}.Debug|x64.Build.0 = Debug|Any CPU
		{7ABE6A79-D5AD-4F21-9E90-656C4220ACA6}.Debug|x86.ActiveCfg = Debug|Any CPU
		{7ABE6A79-D5AD-4F21-9E90-656C4220ACA6}.Debug|x86.Build.0 = Debug|Any CPU
		{7ABE6A79-D5AD-4F21-9E90-656C4220ACA6}.Release|Any CPU.ActiveCfg = Release|Any CPU
		{7ABE6A79-D5AD-4F21-9E90-656C4220ACA6}.Release|Any CPU.Build.0 = Release|Any CPU
		{7ABE6A79-D5AD-4F21-9E90-656C4220ACA6}.Release|iPhone.ActiveCfg = Release|Any CPU
		{7ABE6A79-D5AD-4F21-9E90-656C4220ACA6}.Release|iPhone.Build.0 = Release|Any CPU
		{7ABE6A79-D5AD-4F21-9E90-656C4220ACA6}.Release|iPhoneSimulator.ActiveCfg = Release|Any CPU
		{7ABE6A79-D5AD-4F21-9E90-656C4220ACA6}.Release|iPhoneSimulator.Build.0 = Release|Any CPU
		{7ABE6A79-D5AD-4F21-9E90-656C4220ACA6}.Release|x64.ActiveCfg = Release|Any CPU
		{7ABE6A79-D5AD-4F21-9E90-656C4220ACA6}.Release|x64.Build.0 = Release|Any CPU
		{7ABE6A79-D5AD-4F21-9E90-656C4220ACA6}.Release|x86.ActiveCfg = Release|Any CPU
		{7ABE6A79-D5AD-4F21-9E90-656C4220ACA6}.Release|x86.Build.0 = Release|Any CPU
	EndGlobalSection
	GlobalSection(SolutionProperties) = preSolution
		HideSolutionNode = FALSE
	EndGlobalSection
	GlobalSection(ExtensibilityGlobals) = postSolution
		SolutionGuid = {D41C10E1-9C1C-446B-BB79-B12B4D773808}
	EndGlobalSection
EndGlobal
